// !$*UTF8*$!
{
	archiveVersion = 1;
	classes = {
	};
	objectVersion = 50;
	objects = {

/* Begin PBXBuildFile section */
		130B7D5022EBA81E00A7907D /* MapViewController.swift in Sources */ = {isa = PBXBuildFile; fileRef = 130B7D4F22EBA81E00A7907D /* MapViewController.swift */; };
		130B7D5622EBB65300A7907D /* CoreDataManager.swift in Sources */ = {isa = PBXBuildFile; fileRef = 130B7D5522EBB65300A7907D /* CoreDataManager.swift */; };
		130B7D5922EBD35700A7907D /* Reminder+CoreDataClass.swift in Sources */ = {isa = PBXBuildFile; fileRef = 130B7D5722EBD35700A7907D /* Reminder+CoreDataClass.swift */; };
		130B7D5A22EBD35700A7907D /* Reminder+CoreDataProperties.swift in Sources */ = {isa = PBXBuildFile; fileRef = 130B7D5822EBD35700A7907D /* Reminder+CoreDataProperties.swift */; };
		13C021C522E904030094192D /* AppDelegate.swift in Sources */ = {isa = PBXBuildFile; fileRef = 13C021C422E904030094192D /* AppDelegate.swift */; };
		13C021C722E904030094192D /* MasterViewController.swift in Sources */ = {isa = PBXBuildFile; fileRef = 13C021C622E904030094192D /* MasterViewController.swift */; };
		13C021CA22E904030094192D /* Main.storyboard in Resources */ = {isa = PBXBuildFile; fileRef = 13C021C822E904030094192D /* Main.storyboard */; };
		13C021CD22E904030094192D /* ReminderApp.xcdatamodeld in Sources */ = {isa = PBXBuildFile; fileRef = 13C021CB22E904030094192D /* ReminderApp.xcdatamodeld */; };
		13C021CF22E904040094192D /* Assets.xcassets in Resources */ = {isa = PBXBuildFile; fileRef = 13C021CE22E904040094192D /* Assets.xcassets */; };
		13C021D222E904040094192D /* LaunchScreen.storyboard in Resources */ = {isa = PBXBuildFile; fileRef = 13C021D022E904040094192D /* LaunchScreen.storyboard */; };
		13C021DD22E905D80094192D /* ReminderCell.swift in Sources */ = {isa = PBXBuildFile; fileRef = 13C021DC22E905D80094192D /* ReminderCell.swift */; };
		13C021E622E910510094192D /* ReminderDetailController.swift in Sources */ = {isa = PBXBuildFile; fileRef = 13C021E522E910510094192D /* ReminderDetailController.swift */; };
/* End PBXBuildFile section */

/* Begin PBXFileReference section */
		130B7D4F22EBA81E00A7907D /* MapViewController.swift */ = {isa = PBXFileReference; lastKnownFileType = sourcecode.swift; path = MapViewController.swift; sourceTree = "<group>"; };
		130B7D5522EBB65300A7907D /* CoreDataManager.swift */ = {isa = PBXFileReference; lastKnownFileType = sourcecode.swift; path = CoreDataManager.swift; sourceTree = "<group>"; };
		130B7D5722EBD35700A7907D /* Reminder+CoreDataClass.swift */ = {isa = PBXFileReference; lastKnownFileType = sourcecode.swift; path = "Reminder+CoreDataClass.swift"; sourceTree = "<group>"; };
		130B7D5822EBD35700A7907D /* Reminder+CoreDataProperties.swift */ = {isa = PBXFileReference; lastKnownFileType = sourcecode.swift; path = "Reminder+CoreDataProperties.swift"; sourceTree = "<group>"; };
		13C021C122E904030094192D /* ReminderApp.app */ = {isa = PBXFileReference; explicitFileType = wrapper.application; includeInIndex = 0; path = ReminderApp.app; sourceTree = BUILT_PRODUCTS_DIR; };
		13C021C422E904030094192D /* AppDelegate.swift */ = {isa = PBXFileReference; lastKnownFileType = sourcecode.swift; path = AppDelegate.swift; sourceTree = "<group>"; };
		13C021C622E904030094192D /* MasterViewController.swift */ = {isa = PBXFileReference; lastKnownFileType = sourcecode.swift; path = MasterViewController.swift; sourceTree = "<group>"; };
		13C021C922E904030094192D /* Base */ = {isa = PBXFileReference; lastKnownFileType = file.storyboard; name = Base; path = Base.lproj/Main.storyboard; sourceTree = "<group>"; };
		13C021CC22E904030094192D /* ReminderApp.xcdatamodel */ = {isa = PBXFileReference; lastKnownFileType = wrapper.xcdatamodel; path = ReminderApp.xcdatamodel; sourceTree = "<group>"; };
		13C021CE22E904040094192D /* Assets.xcassets */ = {isa = PBXFileReference; lastKnownFileType = folder.assetcatalog; path = Assets.xcassets; sourceTree = "<group>"; };
		13C021D122E904040094192D /* Base */ = {isa = PBXFileReference; lastKnownFileType = file.storyboard; name = Base; path = Base.lproj/LaunchScreen.storyboard; sourceTree = "<group>"; };
		13C021D322E904040094192D /* Info.plist */ = {isa = PBXFileReference; lastKnownFileType = text.plist.xml; path = Info.plist; sourceTree = "<group>"; };
		13C021DC22E905D80094192D /* ReminderCell.swift */ = {isa = PBXFileReference; lastKnownFileType = sourcecode.swift; path = ReminderCell.swift; sourceTree = "<group>"; };
		13C021E522E910510094192D /* ReminderDetailController.swift */ = {isa = PBXFileReference; lastKnownFileType = sourcecode.swift; path = ReminderDetailController.swift; sourceTree = "<group>"; };
/* End PBXFileReference section */

/* Begin PBXFrameworksBuildPhase section */
		13C021BE22E904030094192D /* Frameworks */ = {
			isa = PBXFrameworksBuildPhase;
			buildActionMask = 2147483647;
			files = (
			);
			runOnlyForDeploymentPostprocessing = 0;
		};
/* End PBXFrameworksBuildPhase section */

/* Begin PBXGroup section */
		13C021B822E904030094192D = {
			isa = PBXGroup;
			children = (
				13C021C322E904030094192D /* ReminderApp */,
				13C021C222E904030094192D /* Products */,
			);
			sourceTree = "<group>";
		};
		13C021C222E904030094192D /* Products */ = {
			isa = PBXGroup;
			children = (
				13C021C122E904030094192D /* ReminderApp.app */,
			);
			name = Products;
			sourceTree = "<group>";
		};
		13C021C322E904030094192D /* ReminderApp */ = {
			isa = PBXGroup;
			children = (
				13C021DB22E9049F0094192D /* Model */,
				13C021DA22E9049D0094192D /* View */,
				13C021D922E904970094192D /* Controller */,
				13C021E722E9187D0094192D /* Extensions */,
				13C021C422E904030094192D /* AppDelegate.swift */,
				13C021CE22E904040094192D /* Assets.xcassets */,
				13C021D022E904040094192D /* LaunchScreen.storyboard */,
				13C021D322E904040094192D /* Info.plist */,
			);
			path = ReminderApp;
			sourceTree = "<group>";
		};
		13C021D922E904970094192D /* Controller */ = {
			isa = PBXGroup;
			children = (
				13C021C622E904030094192D /* MasterViewController.swift */,
				13C021E522E910510094192D /* ReminderDetailController.swift */,
				130B7D5522EBB65300A7907D /* CoreDataManager.swift */,
				130B7D4F22EBA81E00A7907D /* MapViewController.swift */,
			);
			path = Controller;
			sourceTree = "<group>";
		};
		13C021DA22E9049D0094192D /* View */ = {
			isa = PBXGroup;
			children = (
				13C021C822E904030094192D /* Main.storyboard */,
			);
			path = View;
			sourceTree = "<group>";
		};
		13C021DB22E9049F0094192D /* Model */ = {
			isa = PBXGroup;
			children = (
				13C021E422E90E5D0094192D /* CoreData */,
				13C021DC22E905D80094192D /* ReminderCell.swift */,
			);
			path = Model;
			sourceTree = "<group>";
		};
		13C021E422E90E5D0094192D /* CoreData */ = {
			isa = PBXGroup;
			children = (
				130B7D5722EBD35700A7907D /* Reminder+CoreDataClass.swift */,
				130B7D5822EBD35700A7907D /* Reminder+CoreDataProperties.swift */,
				13C021CB22E904030094192D /* ReminderApp.xcdatamodeld */,
			);
			path = CoreData;
			sourceTree = "<group>";
		};
		13C021E722E9187D0094192D /* Extensions */ = {
			isa = PBXGroup;
			children = (
			);
			path = Extensions;
			sourceTree = "<group>";
		};
/* End PBXGroup section */

/* Begin PBXNativeTarget section */
		13C021C022E904030094192D /* ReminderApp */ = {
			isa = PBXNativeTarget;
			buildConfigurationList = 13C021D622E904040094192D /* Build configuration list for PBXNativeTarget "ReminderApp" */;
			buildPhases = (
				13C021BD22E904030094192D /* Sources */,
				13C021BE22E904030094192D /* Frameworks */,
				13C021BF22E904030094192D /* Resources */,
			);
			buildRules = (
			);
			dependencies = (
			);
			name = ReminderApp;
			productName = ReminderApp;
			productReference = 13C021C122E904030094192D /* ReminderApp.app */;
			productType = "com.apple.product-type.application";
		};
/* End PBXNativeTarget section */

/* Begin PBXProject section */
		13C021B922E904030094192D /* Project object */ = {
			isa = PBXProject;
			attributes = {
				LastSwiftUpdateCheck = 1030;
				LastUpgradeCheck = 1030;
				ORGANIZATIONNAME = "Mike Conner";
				TargetAttributes = {
					13C021C022E904030094192D = {
						CreatedOnToolsVersion = 10.3;
					};
				};
			};
			buildConfigurationList = 13C021BC22E904030094192D /* Build configuration list for PBXProject "ReminderApp" */;
			compatibilityVersion = "Xcode 9.3";
			developmentRegion = en;
			hasScannedForEncodings = 0;
			knownRegions = (
				en,
				Base,
			);
			mainGroup = 13C021B822E904030094192D;
			productRefGroup = 13C021C222E904030094192D /* Products */;
			projectDirPath = "";
			projectRoot = "";
			targets = (
				13C021C022E904030094192D /* ReminderApp */,
			);
		};
/* End PBXProject section */

/* Begin PBXResourcesBuildPhase section */
		13C021BF22E904030094192D /* Resources */ = {
			isa = PBXResourcesBuildPhase;
			buildActionMask = 2147483647;
			files = (
				13C021D222E904040094192D /* LaunchScreen.storyboard in Resources */,
				13C021CF22E904040094192D /* Assets.xcassets in Resources */,
				13C021CA22E904030094192D /* Main.storyboard in Resources */,
			);
			runOnlyForDeploymentPostprocessing = 0;
		};
/* End PBXResourcesBuildPhase section */

/* Begin PBXSourcesBuildPhase section */
		13C021BD22E904030094192D /* Sources */ = {
			isa = PBXSourcesBuildPhase;
			buildActionMask = 2147483647;
			files = (
				13C021C722E904030094192D /* MasterViewController.swift in Sources */,
				130B7D5922EBD35700A7907D /* Reminder+CoreDataClass.swift in Sources */,
				13C021CD22E904030094192D /* ReminderApp.xcdatamodeld in Sources */,
				130B7D5022EBA81E00A7907D /* MapViewController.swift in Sources */,
				13C021C522E904030094192D /* AppDelegate.swift in Sources */,
				130B7D5A22EBD35700A7907D /* Reminder+CoreDataProperties.swift in Sources */,
				13C021DD22E905D80094192D /* ReminderCell.swift in Sources */,
				13C021E622E910510094192D /* ReminderDetailController.swift in Sources */,
				130B7D5622EBB65300A7907D /* CoreDataManager.swift in Sources */,
			);
			runOnlyForDeploymentPostprocessing = 0;
		};
/* End PBXSourcesBuildPhase section */

/* Begin PBXVariantGroup section */
		13C021C822E904030094192D /* Main.storyboard */ = {
			isa = PBXVariantGroup;
			children = (
				13C021C922E904030094192D /* Base */,
			);
			name = Main.storyboard;
			sourceTree = "<group>";
		};
		13C021D022E904040094192D /* LaunchScreen.storyboard */ = {
			isa = PBXVariantGroup;
			children = (
				13C021D122E904040094192D /* Base */,
			);
			name = LaunchScreen.storyboard;
			sourceTree = "<group>";
		};
/* End PBXVariantGroup section */

/* Begin XCBuildConfiguration section */
		13C021D422E904040094192D /* Debug */ = {
			isa = XCBuildConfiguration;
			buildSettings = {
				ALWAYS_SEARCH_USER_PATHS = NO;
				CLANG_ANALYZER_NONNULL = YES;
				CLANG_ANALYZER_NUMBER_OBJECT_CONVERSION = YES_AGGRESSIVE;
				CLANG_CXX_LANGUAGE_STANDARD = "gnu++14";
				CLANG_CXX_LIBRARY = "libc++";
				CLANG_ENABLE_MODULES = YES;
				CLANG_ENABLE_OBJC_ARC = YES;
				CLANG_ENABLE_OBJC_WEAK = YES;
				CLANG_WARN_BLOCK_CAPTURE_AUTORELEASING = YES;
				CLANG_WARN_BOOL_CONVERSION = YES;
				CLANG_WARN_COMMA = YES;
				CLANG_WARN_CONSTANT_CONVERSION = YES;
				CLANG_WARN_DEPRECATED_OBJC_IMPLEMENTATIONS = YES;
				CLANG_WARN_DIRECT_OBJC_ISA_USAGE = YES_ERROR;
				CLANG_WARN_DOCUMENTATION_COMMENTS = YES;
				CLANG_WARN_EMPTY_BODY = YES;
				CLANG_WARN_ENUM_CONVERSION = YES;
				CLANG_WARN_INFINITE_RECURSION = YES;
				CLANG_WARN_INT_CONVERSION = YES;
				CLANG_WARN_NON_LITERAL_NULL_CONVERSION = YES;
				CLANG_WARN_OBJC_IMPLICIT_RETAIN_SELF = YES;
				CLANG_WARN_OBJC_LITERAL_CONVERSION = YES;
				CLANG_WARN_OBJC_ROOT_CLASS = YES_ERROR;
				CLANG_WARN_RANGE_LOOP_ANALYSIS = YES;
				CLANG_WARN_STRICT_PROTOTYPES = YES;
				CLANG_WARN_SUSPICIOUS_MOVE = YES;
				CLANG_WARN_UNGUARDED_AVAILABILITY = YES_AGGRESSIVE;
				CLANG_WARN_UNREACHABLE_CODE = YES;
				CLANG_WARN__DUPLICATE_METHOD_MATCH = YES;
				CODE_SIGN_IDENTITY = "iPhone Developer";
				COPY_PHASE_STRIP = NO;
				DEBUG_INFORMATION_FORMAT = dwarf;
				ENABLE_STRICT_OBJC_MSGSEND = YES;
				ENABLE_TESTABILITY = YES;
				GCC_C_LANGUAGE_STANDARD = gnu11;
				GCC_DYNAMIC_NO_PIC = NO;
				GCC_NO_COMMON_BLOCKS = YES;
				GCC_OPTIMIZATION_LEVEL = 0;
				GCC_PREPROCESSOR_DEFINITIONS = (
					"DEBUG=1",
					"$(inherited)",
				);
				GCC_WARN_64_TO_32_BIT_CONVERSION = YES;
				GCC_WARN_ABOUT_RETURN_TYPE = YES_ERROR;
				GCC_WARN_UNDECLARED_SELECTOR = YES;
				GCC_WARN_UNINITIALIZED_AUTOS = YES_AGGRESSIVE;
				GCC_WARN_UNUSED_FUNCTION = YES;
				GCC_WARN_UNUSED_VARIABLE = YES;
				IPHONEOS_DEPLOYMENT_TARGET = 12.4;
				MTL_ENABLE_DEBUG_INFO = INCLUDE_SOURCE;
				MTL_FAST_MATH = YES;
				ONLY_ACTIVE_ARCH = YES;
				SDKROOT = iphoneos;
				SWIFT_ACTIVE_COMPILATION_CONDITIONS = DEBUG;
				SWIFT_OPTIMIZATION_LEVEL = "-Onone";
			};
			name = Debug;
		};
		13C021D522E904040094192D /* Release */ = {
			isa = XCBuildConfiguration;
			buildSettings = {
				ALWAYS_SEARCH_USER_PATHS = NO;
				CLANG_ANALYZER_NONNULL = YES;
				CLANG_ANALYZER_NUMBER_OBJECT_CONVERSION = YES_AGGRESSIVE;
				CLANG_CXX_LANGUAGE_STANDARD = "gnu++14";
				CLANG_CXX_LIBRARY = "libc++";
				CLANG_ENABLE_MODULES = YES;
				CLANG_ENABLE_OBJC_ARC = YES;
				CLANG_ENABLE_OBJC_WEAK = YES;
				CLANG_WARN_BLOCK_CAPTURE_AUTORELEASING = YES;
				CLANG_WARN_BOOL_CONVERSION = YES;
				CLANG_WARN_COMMA = YES;
				CLANG_WARN_CONSTANT_CONVERSION = YES;
				CLANG_WARN_DEPRECATED_OBJC_IMPLEMENTATIONS = YES;
				CLANG_WARN_DIRECT_OBJC_ISA_USAGE = YES_ERROR;
				CLANG_WARN_DOCUMENTATION_COMMENTS = YES;
				CLANG_WARN_EMPTY_BODY = YES;
				CLANG_WARN_ENUM_CONVERSION = YES;
				CLANG_WARN_INFINITE_RECURSION = YES;
				CLANG_WARN_INT_CONVERSION = YES;
				CLANG_WARN_NON_LITERAL_NULL_CONVERSION = YES;
				CLANG_WARN_OBJC_IMPLICIT_RETAIN_SELF = YES;
				CLANG_WARN_OBJC_LITERAL_CONVERSION = YES;
				CLANG_WARN_OBJC_ROOT_CLASS = YES_ERROR;
				CLANG_WARN_RANGE_LOOP_ANALYSIS = YES;
				CLANG_WARN_STRICT_PROTOTYPES = YES;
				CLANG_WARN_SUSPICIOUS_MOVE = YES;
				CLANG_WARN_UNGUARDED_AVAILABILITY = YES_AGGRESSIVE;
				CLANG_WARN_UNREACHABLE_CODE = YES;
				CLANG_WARN__DUPLICATE_METHOD_MATCH = YES;
				CODE_SIGN_IDENTITY = "iPhone Developer";
				COPY_PHASE_STRIP = NO;
				DEBUG_INFORMATION_FORMAT = "dwarf-with-dsym";
				ENABLE_NS_ASSERTIONS = NO;
				ENABLE_STRICT_OBJC_MSGSEND = YES;
				GCC_C_LANGUAGE_STANDARD = gnu11;
				GCC_NO_COMMON_BLOCKS = YES;
				GCC_WARN_64_TO_32_BIT_CONVERSION = YES;
				GCC_WARN_ABOUT_RETURN_TYPE = YES_ERROR;
				GCC_WARN_UNDECLARED_SELECTOR = YES;
				GCC_WARN_UNINITIALIZED_AUTOS = YES_AGGRESSIVE;
				GCC_WARN_UNUSED_FUNCTION = YES;
				GCC_WARN_UNUSED_VARIABLE = YES;
				IPHONEOS_DEPLOYMENT_TARGET = 12.4;
				MTL_ENABLE_DEBUG_INFO = NO;
				MTL_FAST_MATH = YES;
				SDKROOT = iphoneos;
				SWIFT_COMPILATION_MODE = wholemodule;
				SWIFT_OPTIMIZATION_LEVEL = "-O";
				VALIDATE_PRODUCT = YES;
			};
			name = Release;
		};
		13C021D722E904040094192D /* Debug */ = {
			isa = XCBuildConfiguration;
			buildSettings = {
				ASSETCATALOG_COMPILER_APPICON_NAME = AppIcon;
				CODE_SIGN_STYLE = Automatic;
				DEVELOPMENT_TEAM = 4AYKJ7DJ99;
				INFOPLIST_FILE = ReminderApp/Info.plist;
				LD_RUNPATH_SEARCH_PATHS = (
					"$(inherited)",
					"@executable_path/Frameworks",
				);
				PRODUCT_BUNDLE_IDENTIFIER = com.mikeconner.ReminderApp;
				PRODUCT_NAME = "$(TARGET_NAME)";
				SWIFT_VERSION = 5.0;
				TARGETED_DEVICE_FAMILY = "1,2";
			};
			name = Debug;
		};
		13C021D822E904040094192D /* Release */ = {
			isa = XCBuildConfiguration;
			buildSettings = {
				ASSETCATALOG_COMPILER_APPICON_NAME = AppIcon;
				CODE_SIGN_STYLE = Automatic;
				DEVELOPMENT_TEAM = 4AYKJ7DJ99;
				INFOPLIST_FILE = ReminderApp/Info.plist;
				LD_RUNPATH_SEARCH_PATHS = (
					"$(inherited)",
					"@executable_path/Frameworks",
				);
				PRODUCT_BUNDLE_IDENTIFIER = com.mikeconner.ReminderApp;
				PRODUCT_NAME = "$(TARGET_NAME)";
				SWIFT_VERSION = 5.0;
				TARGETED_DEVICE_FAMILY = "1,2";
			};
			name = Release;
		};
/* End XCBuildConfiguration section */

/* Begin XCConfigurationList section */
		13C021BC22E904030094192D /* Build configuration list for PBXProject "ReminderApp" */ = {
			isa = XCConfigurationList;
			buildConfigurations = (
				13C021D422E904040094192D /* Debug */,
				13C021D522E904040094192D /* Release */,
			);
			defaultConfigurationIsVisible = 0;
			defaultConfigurationName = Release;
		};
		13C021D622E904040094192D /* Build configuration list for PBXNativeTarget "ReminderApp" */ = {
			isa = XCConfigurationList;
			buildConfigurations = (
				13C021D722E904040094192D /* Debug */,
				13C021D822E904040094192D /* Release */,
			);
			defaultConfigurationIsVisible = 0;
			defaultConfigurationName = Release;
		};
/* End XCConfigurationList section */

/* Begin XCVersionGroup section */
		13C021CB22E904030094192D /* ReminderApp.xcdatamodeld */ = {
			isa = XCVersionGroup;
			children = (
				13C021CC22E904030094192D /* ReminderApp.xcdatamodel */,
			);
			currentVersion = 13C021CC22E904030094192D /* ReminderApp.xcdatamodel */;
			path = ReminderApp.xcdatamodeld;
			sourceTree = "<group>";
			versionGroupType = wrapper.xcdatamodel;
		};
/* End XCVersionGroup section */
	};
	rootObject = 13C021B922E904030094192D /* Project object */;
}
